
Microsoft Visual Studio Solution File, Format Version 12.00
# Visual Studio 15
VisualStudioVersion = 15.0.27428.2037
MinimumVisualStudioVersion = 10.0.40219.1
Project("{FAE04EC0-301F-11D3-BF4B-00C04F79EFBC}") = "WebAPI", "WebAPI\WebAPI.csproj", "{6321F8C7-1A9D-43E8-B567-B3B8C055B10D}"
EndProject
Project("{FAE04EC0-301F-11D3-BF4B-00C04F79EFBC}") = "BLL", "BLL\BLL.csproj", "{ECA7C3FB-947E-478A-9311-2236FD11598B}"
EndProject
Project("{FAE04EC0-301F-11D3-BF4B-00C04F79EFBC}") = "BLL.UnitTest", "BLL.UnitTest\BLL.UnitTest.csproj", "{E79D7C30-6B86-4E76-91CD-A585948BE98E}"
EndProject
Project("{FAE04EC0-301F-11D3-BF4B-00C04F79EFBC}") = "WebAPI.UnitTest", "WebAPI.UnitTest\WebAPI.UnitTest.csproj", "{4AF6DC54-793E-4974-9366-EE20C51E172E}"
EndProject
Global
	GlobalSection(SolutionConfigurationPlatforms) = preSolution
		Debug|Any CPU = Debug|Any CPU
		Release|Any CPU = Release|Any CPU
	EndGlobalSection
	GlobalSection(ProjectConfigurationPlatforms) = postSolution
		{6321F8C7-1A9D-43E8-B567-B3B8C055B10D}.Debug|Any CPU.ActiveCfg = Debug|Any CPU
		{6321F8C7-1A9D-43E8-B567-B3B8C055B10D}.Debug|Any CPU.Build.0 = Debug|Any CPU
		{6321F8C7-1A9D-43E8-B567-B3B8C055B10D}.Release|Any CPU.ActiveCfg = Release|Any CPU
		{6321F8C7-1A9D-43E8-B567-B3B8C055B10D}.Release|Any CPU.Build.0 = Release|Any CPU
		{ECA7C3FB-947E-478A-9311-2236FD11598B}.Debug|Any CPU.ActiveCfg = Debug|Any CPU
		{ECA7C3FB-947E-478A-9311-2236FD11598B}.Debug|Any CPU.Build.0 = Debug|Any CPU
		{ECA7C3FB-947E-478A-9311-2236FD11598B}.Release|Any CPU.ActiveCfg = Release|Any CPU
		{ECA7C3FB-947E-478A-9311-2236FD11598B}.Release|Any CPU.Build.0 = Release|Any CPU
		{E79D7C30-6B86-4E76-91CD-A585948BE98E}.Debug|Any CPU.ActiveCfg = Debug|Any CPU
		{E79D7C30-6B86-4E76-91CD-A585948BE98E}.Debug|Any CPU.Build.0 = Debug|Any CPU
		{E79D7C30-6B86-4E76-91CD-A585948BE98E}.Release|Any CPU.ActiveCfg = Release|Any CPU
		{E79D7C30-6B86-4E76-91CD-A585948BE98E}.Release|Any CPU.Build.0 = Release|Any CPU
		{4AF6DC54-793E-4974-9366-EE20C51E172E}.Debug|Any CPU.ActiveCfg = Debug|Any CPU
		{4AF6DC54-793E-4974-9366-EE20C51E172E}.Debug|Any CPU.Build.0 = Debug|Any CPU
		{4AF6DC54-793E-4974-9366-EE20C51E172E}.Release|Any CPU.ActiveCfg = Release|Any CPU
		{4AF6DC54-793E-4974-9366-EE20C51E172E}.Release|Any CPU.Build.0 = Release|Any CPU
	EndGlobalSection
	GlobalSection(SolutionProperties) = preSolution
		HideSolutionNode = FALSE
	EndGlobalSection
	GlobalSection(ExtensibilityGlobals) = postSolution
		SolutionGuid = {B1D8FB18-EC8D-4E7E-A518-CA87E1648668}
	EndGlobalSection
EndGlobal
